
Microsoft Visual Studio Solution File, Format Version 12.00
# Visual Studio Version 17
VisualStudioVersion = 17.3.32825.248
MinimumVisualStudioVersion = 10.0.40219.1
Project("{FAE04EC0-301F-11D3-BF4B-00C04F79EFBC}") = "Class and Object", "Class and Object\Class and Object.csproj", "{D4B46105-3E2A-4B01-AD01-55EF1DD9B9D3}"
EndProject
Global
	GlobalSection(SolutionConfigurationPlatforms) = preSolution
		Debug|Any CPU = Debug|Any CPU
		Release|Any CPU = Release|Any CPU
	EndGlobalSection
	GlobalSection(ProjectConfigurationPlatforms) = postSolution
		{D4B46105-3E2A-4B01-AD01-55EF1DD9B9D3}.Debug|Any CPU.ActiveCfg = Debug|Any CPU
		{D4B46105-3E2A-4B01-AD01-55EF1DD9B9D3}.Debug|Any CPU.Build.0 = Debug|Any CPU
		{D4B46105-3E2A-4B01-AD01-55EF1DD9B9D3}.Release|Any CPU.ActiveCfg = Release|Any CPU
		{D4B46105-3E2A-4B01-AD01-55EF1DD9B9D3}.Release|Any CPU.Build.0 = Release|Any CPU
	EndGlobalSection
	GlobalSection(SolutionProperties) = preSolution
		HideSolutionNode = FALSE
	EndGlobalSection
	GlobalSection(ExtensibilityGlobals) = postSolution
		SolutionGuid = {E2EAAA84-1576-44C2-87AE-D877F981D148}
	EndGlobalSection
EndGlobal
